
Microsoft Visual Studio Solution File, Format Version 12.00
# Visual Studio Version 17
VisualStudioVersion = 17.14.36202.13 d17.14
MinimumVisualStudioVersion = 10.0.40219.1
Project("{FAE04EC0-301F-11D3-BF4B-00C04F79EFBC}") = "LocExpressApi", "LocExpressApi.csproj", "{AE73748A-5CF4-A546-E4DE-43B71FA4AC92}"
EndProject
Global
	GlobalSection(SolutionConfigurationPlatforms) = preSolution
		Debug|Any CPU = Debug|Any CPU
		Release|Any CPU = Release|Any CPU
	EndGlobalSection
	GlobalSection(ProjectConfigurationPlatforms) = postSolution
		{AE73748A-5CF4-A546-E4DE-43B71FA4AC92}.Debug|Any CPU.ActiveCfg = Debug|Any CPU
		{AE73748A-5CF4-A546-E4DE-43B71FA4AC92}.Debug|Any CPU.Build.0 = Debug|Any CPU
		{AE73748A-5CF4-A546-E4DE-43B71FA4AC92}.Release|Any CPU.ActiveCfg = Release|Any CPU
		{AE73748A-5CF4-A546-E4DE-43B71FA4AC92}.Release|Any CPU.Build.0 = Release|Any CPU
	EndGlobalSection
	GlobalSection(SolutionProperties) = preSolution
		HideSolutionNode = FALSE
	EndGlobalSection
	GlobalSection(ExtensibilityGlobals) = postSolution
		SolutionGuid = {981AF503-F320-4715-B406-102F7A1446BC}
	EndGlobalSection
EndGlobal
